
Microsoft Visual Studio Solution File, Format Version 12.00
# Visual Studio Version 17
VisualStudioVersion = 17.5.33516.290
MinimumVisualStudioVersion = 10.0.40219.1
Project("{9A19103F-16F7-4668-BE54-9A1E7A4F7556}") = "ConsoleApp1", "ConsoleApp1\ConsoleApp1.csproj", "{32B10404-0AA5-43A5-8572-3BE2F72CB868}"
EndProject
Project("{9A19103F-16F7-4668-BE54-9A1E7A4F7556}") = "DataType", "DataType\DataType.csproj", "{CC7EE5BE-0BCC-4B5B-9443-65E628E1ACC6}"
EndProject
Project("{9A19103F-16F7-4668-BE54-9A1E7A4F7556}") = "TypeCasting", "TypeCasting\TypeCasting.csproj", "{7DD19FCA-AA94-4797-A377-F5E9EBF07A2F}"
EndProject
Project("{9A19103F-16F7-4668-BE54-9A1E7A4F7556}") = "User Input Output", "User Input Output\User Input Output.csproj", "{0CB68442-BF0B-4CFB-946F-6B998D1F1616}"
EndProject
Project("{9A19103F-16F7-4668-BE54-9A1E7A4F7556}") = "If Else Codition", "Operators\If Else Codition.csproj", "{90A604A5-DBFA-4ED1-AB78-94141F9F8F4D}"
EndProject
Project("{9A19103F-16F7-4668-BE54-9A1E7A4F7556}") = "Math", "Math\Math.csproj", "{ACEC7F7A-1CEA-4E67-BA65-89A68CE5E3E1}"
EndProject
Project("{9A19103F-16F7-4668-BE54-9A1E7A4F7556}") = "String Operation", "String Operation\String Operation.csproj", "{F4AB3163-C0E3-4569-AACB-AE5A8004F06C}"
EndProject
Project("{9A19103F-16F7-4668-BE54-9A1E7A4F7556}") = "Switch Statment", "Switch Statment\Switch Statment.csproj", "{56388688-24C1-46EC-B8E6-26C1B5B7BEB6}"
EndProject
Project("{9A19103F-16F7-4668-BE54-9A1E7A4F7556}") = "While Loop", "While Loop\While Loop.csproj", "{FFAC0732-3667-43DF-BF88-DB2AA9860595}"
EndProject
Project("{9A19103F-16F7-4668-BE54-9A1E7A4F7556}") = "For and Foreach", "For and Foreach\For and Foreach.csproj", "{3D3E47B1-1B30-4F65-BA1C-A279422C6CD0}"
EndProject
Project("{9A19103F-16F7-4668-BE54-9A1E7A4F7556}") = "Array In Csharp", "Array In Csharp\Array In Csharp.csproj", "{E25497BC-B856-4802-A45B-F58F4F54954E}"
EndProject
Project("{9A19103F-16F7-4668-BE54-9A1E7A4F7556}") = "Array Operation", "Array Operation\Array Operation.csproj", "{FB4BA989-BEE0-40E3-85C5-958D2E375EA7}"
EndProject
Project("{9A19103F-16F7-4668-BE54-9A1E7A4F7556}") = "Multidimensional Arrays", "Multidimensional Arrays\Multidimensional Arrays.csproj", "{CA14C8BE-AD09-479E-98D8-165A9848CDCE}"
EndProject
Project("{9A19103F-16F7-4668-BE54-9A1E7A4F7556}") = "Methods", "Methods\Methods.csproj", "{13852FA5-8186-4D59-BCCC-7A50223F47C5}"
EndProject
Project("{9A19103F-16F7-4668-BE54-9A1E7A4F7556}") = "Methods Return", "ConsoleApp2\Methods Return.csproj", "{24AEDBF8-3386-4108-9FD4-4C4156354B8A}"
EndProject
Project("{9A19103F-16F7-4668-BE54-9A1E7A4F7556}") = "Type_Conversion", "Type_Conversion\Type_Conversion.csproj", "{565976EA-DABE-49DD-97DA-91AEF9C36911}"
EndProject
Project("{9A19103F-16F7-4668-BE54-9A1E7A4F7556}") = "OneDimentionalArray", "OneDimentionalArray\OneDimentionalArray.csproj", "{FA2D490B-4D3C-48E0-8538-F58C3CA0C5F8}"
EndProject
Project("{9A19103F-16F7-4668-BE54-9A1E7A4F7556}") = "More_Dimentional_Array", "More_Dimentional_Array\More_Dimentional_Array.csproj", "{80649F21-FDD7-43E6-969D-92BC7E05180D}"
EndProject
Project("{FAE04EC0-301F-11D3-BF4B-00C04F79EFBC}") = "JaggedArray", "JaggedArray\JaggedArray.csproj", "{6940E499-A08F-4EC9-A00C-77D092DB7C15}"
EndProject
Global
	GlobalSection(SolutionConfigurationPlatforms) = preSolution
		Debug|Any CPU = Debug|Any CPU
		Release|Any CPU = Release|Any CPU
	EndGlobalSection
	GlobalSection(ProjectConfigurationPlatforms) = postSolution
		{32B10404-0AA5-43A5-8572-3BE2F72CB868}.Debug|Any CPU.ActiveCfg = Debug|Any CPU
		{32B10404-0AA5-43A5-8572-3BE2F72CB868}.Debug|Any CPU.Build.0 = Debug|Any CPU
		{32B10404-0AA5-43A5-8572-3BE2F72CB868}.Release|Any CPU.ActiveCfg = Release|Any CPU
		{32B10404-0AA5-43A5-8572-3BE2F72CB868}.Release|Any CPU.Build.0 = Release|Any CPU
		{CC7EE5BE-0BCC-4B5B-9443-65E628E1ACC6}.Debug|Any CPU.ActiveCfg = Debug|Any CPU
		{CC7EE5BE-0BCC-4B5B-9443-65E628E1ACC6}.Debug|Any CPU.Build.0 = Debug|Any CPU
		{CC7EE5BE-0BCC-4B5B-9443-65E628E1ACC6}.Release|Any CPU.ActiveCfg = Release|Any CPU
		{CC7EE5BE-0BCC-4B5B-9443-65E628E1ACC6}.Release|Any CPU.Build.0 = Release|Any CPU
		{7DD19FCA-AA94-4797-A377-F5E9EBF07A2F}.Debug|Any CPU.ActiveCfg = Debug|Any CPU
		{7DD19FCA-AA94-4797-A377-F5E9EBF07A2F}.Debug|Any CPU.Build.0 = Debug|Any CPU
		{7DD19FCA-AA94-4797-A377-F5E9EBF07A2F}.Release|Any CPU.ActiveCfg = Release|Any CPU
		{7DD19FCA-AA94-4797-A377-F5E9EBF07A2F}.Release|Any CPU.Build.0 = Release|Any CPU
		{0CB68442-BF0B-4CFB-946F-6B998D1F1616}.Debug|Any CPU.ActiveCfg = Debug|Any CPU
		{0CB68442-BF0B-4CFB-946F-6B998D1F1616}.Debug|Any CPU.Build.0 = Debug|Any CPU
		{0CB68442-BF0B-4CFB-946F-6B998D1F1616}.Release|Any CPU.ActiveCfg = Release|Any CPU
		{0CB68442-BF0B-4CFB-946F-6B998D1F1616}.Release|Any CPU.Build.0 = Release|Any CPU
		{90A604A5-DBFA-4ED1-AB78-94141F9F8F4D}.Debug|Any CPU.ActiveCfg = Debug|Any CPU
		{90A604A5-DBFA-4ED1-AB78-94141F9F8F4D}.Debug|Any CPU.Build.0 = Debug|Any CPU
		{90A604A5-DBFA-4ED1-AB78-94141F9F8F4D}.Release|Any CPU.ActiveCfg = Release|Any CPU
		{90A604A5-DBFA-4ED1-AB78-94141F9F8F4D}.Release|Any CPU.Build.0 = Release|Any CPU
		{ACEC7F7A-1CEA-4E67-BA65-89A68CE5E3E1}.Debug|Any CPU.ActiveCfg = Debug|Any CPU
		{ACEC7F7A-1CEA-4E67-BA65-89A68CE5E3E1}.Debug|Any CPU.Build.0 = Debug|Any CPU
		{ACEC7F7A-1CEA-4E67-BA65-89A68CE5E3E1}.Release|Any CPU.ActiveCfg = Release|Any CPU
		{ACEC7F7A-1CEA-4E67-BA65-89A68CE5E3E1}.Release|Any CPU.Build.0 = Release|Any CPU
		{F4AB3163-C0E3-4569-AACB-AE5A8004F06C}.Debug|Any CPU.ActiveCfg = Debug|Any CPU
		{F4AB3163-C0E3-4569-AACB-AE5A8004F06C}.Debug|Any CPU.Build.0 = Debug|Any CPU
		{F4AB3163-C0E3-4569-AACB-AE5A8004F06C}.Release|Any CPU.ActiveCfg = Release|Any CPU
		{F4AB3163-C0E3-4569-AACB-AE5A8004F06C}.Release|Any CPU.Build.0 = Release|Any CPU
		{56388688-24C1-46EC-B8E6-26C1B5B7BEB6}.Debug|Any CPU.ActiveCfg = Debug|Any CPU
		{56388688-24C1-46EC-B8E6-26C1B5B7BEB6}.Debug|Any CPU.Build.0 = Debug|Any CPU
		{56388688-24C1-46EC-B8E6-26C1B5B7BEB6}.Release|Any CPU.ActiveCfg = Release|Any CPU
		{56388688-24C1-46EC-B8E6-26C1B5B7BEB6}.Release|Any CPU.Build.0 = Release|Any CPU
		{FFAC0732-3667-43DF-BF88-DB2AA9860595}.Debug|Any CPU.ActiveCfg = Debug|Any CPU
		{FFAC0732-3667-43DF-BF88-DB2AA9860595}.Debug|Any CPU.Build.0 = Debug|Any CPU
		{FFAC0732-3667-43DF-BF88-DB2AA9860595}.Release|Any CPU.ActiveCfg = Release|Any CPU
		{FFAC0732-3667-43DF-BF88-DB2AA9860595}.Release|Any CPU.Build.0 = Release|Any CPU
		{3D3E47B1-1B30-4F65-BA1C-A279422C6CD0}.Debug|Any CPU.ActiveCfg = Debug|Any CPU
		{3D3E47B1-1B30-4F65-BA1C-A279422C6CD0}.Debug|Any CPU.Build.0 = Debug|Any CPU
		{3D3E47B1-1B30-4F65-BA1C-A279422C6CD0}.Release|Any CPU.ActiveCfg = Release|Any CPU
		{3D3E47B1-1B30-4F65-BA1C-A279422C6CD0}.Release|Any CPU.Build.0 = Release|Any CPU
		{E25497BC-B856-4802-A45B-F58F4F54954E}.Debug|Any CPU.ActiveCfg = Debug|Any CPU
		{E25497BC-B856-4802-A45B-F58F4F54954E}.Debug|Any CPU.Build.0 = Debug|Any CPU
		{E25497BC-B856-4802-A45B-F58F4F54954E}.Release|Any CPU.ActiveCfg = Release|Any CPU
		{E25497BC-B856-4802-A45B-F58F4F54954E}.Release|Any CPU.Build.0 = Release|Any CPU
		{FB4BA989-BEE0-40E3-85C5-958D2E375EA7}.Debug|Any CPU.ActiveCfg = Debug|Any CPU
		{FB4BA989-BEE0-40E3-85C5-958D2E375EA7}.Debug|Any CPU.Build.0 = Debug|Any CPU
		{FB4BA989-BEE0-40E3-85C5-958D2E375EA7}.Release|Any CPU.ActiveCfg = Release|Any CPU
		{FB4BA989-BEE0-40E3-85C5-958D2E375EA7}.Release|Any CPU.Build.0 = Release|Any CPU
		{CA14C8BE-AD09-479E-98D8-165A9848CDCE}.Debug|Any CPU.ActiveCfg = Debug|Any CPU
		{CA14C8BE-AD09-479E-98D8-165A9848CDCE}.Debug|Any CPU.Build.0 = Debug|Any CPU
		{CA14C8BE-AD09-479E-98D8-165A9848CDCE}.Release|Any CPU.ActiveCfg = Release|Any CPU
		{CA14C8BE-AD09-479E-98D8-165A9848CDCE}.Release|Any CPU.Build.0 = Release|Any CPU
		{13852FA5-8186-4D59-BCCC-7A50223F47C5}.Debug|Any CPU.ActiveCfg = Debug|Any CPU
		{13852FA5-8186-4D59-BCCC-7A50223F47C5}.Debug|Any CPU.Build.0 = Debug|Any CPU
		{13852FA5-8186-4D59-BCCC-7A50223F47C5}.Release|Any CPU.ActiveCfg = Release|Any CPU
		{13852FA5-8186-4D59-BCCC-7A50223F47C5}.Release|Any CPU.Build.0 = Release|Any CPU
		{24AEDBF8-3386-4108-9FD4-4C4156354B8A}.Debug|Any CPU.ActiveCfg = Debug|Any CPU
		{24AEDBF8-3386-4108-9FD4-4C4156354B8A}.Debug|Any CPU.Build.0 = Debug|Any CPU
		{24AEDBF8-3386-4108-9FD4-4C4156354B8A}.Release|Any CPU.ActiveCfg = Release|Any CPU
		{24AEDBF8-3386-4108-9FD4-4C4156354B8A}.Release|Any CPU.Build.0 = Release|Any CPU
		{565976EA-DABE-49DD-97DA-91AEF9C36911}.Debug|Any CPU.ActiveCfg = Debug|Any CPU
		{565976EA-DABE-49DD-97DA-91AEF9C36911}.Debug|Any CPU.Build.0 = Debug|Any CPU
		{565976EA-DABE-49DD-97DA-91AEF9C36911}.Release|Any CPU.ActiveCfg = Release|Any CPU
		{565976EA-DABE-49DD-97DA-91AEF9C36911}.Release|Any CPU.Build.0 = Release|Any CPU
		{FA2D490B-4D3C-48E0-8538-F58C3CA0C5F8}.Debug|Any CPU.ActiveCfg = Debug|Any CPU
		{FA2D490B-4D3C-48E0-8538-F58C3CA0C5F8}.Debug|Any CPU.Build.0 = Debug|Any CPU
		{FA2D490B-4D3C-48E0-8538-F58C3CA0C5F8}.Release|Any CPU.ActiveCfg = Release|Any CPU
		{FA2D490B-4D3C-48E0-8538-F58C3CA0C5F8}.Release|Any CPU.Build.0 = Release|Any CPU
		{80649F21-FDD7-43E6-969D-92BC7E05180D}.Debug|Any CPU.ActiveCfg = Debug|Any CPU
		{80649F21-FDD7-43E6-969D-92BC7E05180D}.Debug|Any CPU.Build.0 = Debug|Any CPU
		{80649F21-FDD7-43E6-969D-92BC7E05180D}.Release|Any CPU.ActiveCfg = Release|Any CPU
		{80649F21-FDD7-43E6-969D-92BC7E05180D}.Release|Any CPU.Build.0 = Release|Any CPU
		{6940E499-A08F-4EC9-A00C-77D092DB7C15}.Debug|Any CPU.ActiveCfg = Debug|Any CPU
		{6940E499-A08F-4EC9-A00C-77D092DB7C15}.Debug|Any CPU.Build.0 = Debug|Any CPU
		{6940E499-A08F-4EC9-A00C-77D092DB7C15}.Release|Any CPU.ActiveCfg = Release|Any CPU
		{6940E499-A08F-4EC9-A00C-77D092DB7C15}.Release|Any CPU.Build.0 = Release|Any CPU
	EndGlobalSection
	GlobalSection(SolutionProperties) = preSolution
		HideSolutionNode = FALSE
	EndGlobalSection
	GlobalSection(ExtensibilityGlobals) = postSolution
		SolutionGuid = {D4D41872-51C8-4913-922D-B27E56EF5556}
	EndGlobalSection
EndGlobal
