
Microsoft Visual Studio Solution File, Format Version 12.00
# Visual Studio Version 17
VisualStudioVersion = 17.5.33516.290
MinimumVisualStudioVersion = 10.0.40219.1
Project("{9A19103F-16F7-4668-BE54-9A1E7A4F7556}") = "ConsoleApp1", "ConsoleApp1\ConsoleApp1.csproj", "{32B10404-0AA5-43A5-8572-3BE2F72CB868}"
EndProject
Project("{9A19103F-16F7-4668-BE54-9A1E7A4F7556}") = "DataType", "DataType\DataType.csproj", "{CC7EE5BE-0BCC-4B5B-9443-65E628E1ACC6}"
EndProject
Project("{9A19103F-16F7-4668-BE54-9A1E7A4F7556}") = "TypeCasting", "TypeCasting\TypeCasting.csproj", "{7DD19FCA-AA94-4797-A377-F5E9EBF07A2F}"
EndProject
Project("{9A19103F-16F7-4668-BE54-9A1E7A4F7556}") = "User Input Output", "User Input Output\User Input Output.csproj", "{0CB68442-BF0B-4CFB-946F-6B998D1F1616}"
EndProject
Project("{9A19103F-16F7-4668-BE54-9A1E7A4F7556}") = "If Else Codition", "Operators\If Else Codition.csproj", "{90A604A5-DBFA-4ED1-AB78-94141F9F8F4D}"
EndProject
Project("{9A19103F-16F7-4668-BE54-9A1E7A4F7556}") = "Math", "Math\Math.csproj", "{ACEC7F7A-1CEA-4E67-BA65-89A68CE5E3E1}"
EndProject
Project("{9A19103F-16F7-4668-BE54-9A1E7A4F7556}") = "String Operation", "String Operation\String Operation.csproj", "{F4AB3163-C0E3-4569-AACB-AE5A8004F06C}"
EndProject
Project("{9A19103F-16F7-4668-BE54-9A1E7A4F7556}") = "Switch Statment", "Switch Statment\Switch Statment.csproj", "{56388688-24C1-46EC-B8E6-26C1B5B7BEB6}"
EndProject
Project("{9A19103F-16F7-4668-BE54-9A1E7A4F7556}") = "While Loop", "While Loop\While Loop.csproj", "{FFAC0732-3667-43DF-BF88-DB2AA9860595}"
EndProject
Project("{9A19103F-16F7-4668-BE54-9A1E7A4F7556}") = "For and Foreach", "For and Foreach\For and Foreach.csproj", "{3D3E47B1-1B30-4F65-BA1C-A279422C6CD0}"
EndProject
Project("{9A19103F-16F7-4668-BE54-9A1E7A4F7556}") = "Array In Csharp", "Array In Csharp\Array In Csharp.csproj", "{E25497BC-B856-4802-A45B-F58F4F54954E}"
EndProject
Project("{9A19103F-16F7-4668-BE54-9A1E7A4F7556}") = "Array Operation", "Array Operation\Array Operation.csproj", "{FB4BA989-BEE0-40E3-85C5-958D2E375EA7}"
EndProject
Project("{9A19103F-16F7-4668-BE54-9A1E7A4F7556}") = "Multidimensional Arrays", "Multidimensional Arrays\Multidimensional Arrays.csproj", "{CA14C8BE-AD09-479E-98D8-165A9848CDCE}"
EndProject
Project("{9A19103F-16F7-4668-BE54-9A1E7A4F7556}") = "Methods", "Methods\Methods.csproj", "{13852FA5-8186-4D59-BCCC-7A50223F47C5}"
EndProject
Project("{9A19103F-16F7-4668-BE54-9A1E7A4F7556}") = "Methods Return", "ConsoleApp2\Methods Return.csproj", "{24AEDBF8-3386-4108-9FD4-4C4156354B8A}"
EndProject
Project("{9A19103F-16F7-4668-BE54-9A1E7A4F7556}") = "Type_Conversion", "Type_Conversion\Type_Conversion.csproj", "{565976EA-DABE-49DD-97DA-91AEF9C36911}"
EndProject
Project("{9A19103F-16F7-4668-BE54-9A1E7A4F7556}") = "OneDimentionalArray", "OneDimentionalArray\OneDimentionalArray.csproj", "{FA2D490B-4D3C-48E0-8538-F58C3CA0C5F8}"
EndProject
Project("{9A19103F-16F7-4668-BE54-9A1E7A4F7556}") = "More_Dimentional_Array", "More_Dimentional_Array\More_Dimentional_Array.csproj", "{80649F21-FDD7-43E6-969D-92BC7E05180D}"
EndProject
Project("{9A19103F-16F7-4668-BE54-9A1E7A4F7556}") = "JaggedArray", "JaggedArray\JaggedArray.csproj", "{6940E499-A08F-4EC9-A00C-77D092DB7C15}"
EndProject
Project("{9A19103F-16F7-4668-BE54-9A1E7A4F7556}") = "Loop", "Loop\Loop.csproj", "{BCEFF2E8-EA09-421F-8D99-04D08F3BB3EE}"
EndProject
Project("{9A19103F-16F7-4668-BE54-9A1E7A4F7556}") = "ArrayLoop", "ArrayLoop\ArrayLoop.csproj", "{29C8FAD5-5B58-4B9F-95C0-624862CDE3FB}"
EndProject
Project("{9A19103F-16F7-4668-BE54-9A1E7A4F7556}") = "StringLoop", "StringLoop\StringLoop.csproj", "{96B334EE-4CA0-44E2-8B77-11FEBCE65D4F}"
EndProject
Project("{9A19103F-16F7-4668-BE54-9A1E7A4F7556}") = "ForeachLoop", "ForeachLoop\ForeachLoop.csproj", "{D1A5C08C-00FD-436F-8D8E-B65E0C0D2567}"
EndProject
Project("{9A19103F-16F7-4668-BE54-9A1E7A4F7556}") = "NastedLoop", "NastedLoop\NastedLoop.csproj", "{E7E897CA-2F33-4211-A39D-BAB57865F5CB}"
EndProject
Project("{9A19103F-16F7-4668-BE54-9A1E7A4F7556}") = "TupleDataStructure", "TupleDataStructure\TupleDataStructure.csproj", "{1D721263-56F9-408E-BD5A-B0AF0FD3ACC2}"
EndProject
Project("{9A19103F-16F7-4668-BE54-9A1E7A4F7556}") = "Function", "Function\Function.csproj", "{6471DB25-9594-433C-BE71-C81C275B0258}"
EndProject
Project("{9A19103F-16F7-4668-BE54-9A1E7A4F7556}") = "MethodsOverloading", "MethodsOverloading\MethodsOverloading.csproj", "{7594D138-9DA8-4E36-BB5F-0B0F4927AF25}"
EndProject
Project("{9A19103F-16F7-4668-BE54-9A1E7A4F7556}") = "ClassAndObject", "ClassAndObject\ClassAndObject.csproj", "{EF93B5E8-D2CE-4A6A-B58E-664EEE2283E6}"
EndProject
Project("{9A19103F-16F7-4668-BE54-9A1E7A4F7556}") = "BankManagement", "BankManagement\BankManagement.csproj", "{9D1284F1-E992-4F3A-BF35-6341ACC535E7}"
EndProject
Project("{9A19103F-16F7-4668-BE54-9A1E7A4F7556}") = "Array_In_C#", "Array_In_C#\Array_In_C#.csproj", "{53E03800-5BDA-4CF7-A961-F453F9F7EB08}"
EndProject
Project("{9A19103F-16F7-4668-BE54-9A1E7A4F7556}") = "DimentionalAndGaggedArray", "DimentionalAndGaggedArray\DimentionalAndGaggedArray.csproj", "{9B367057-E305-4281-BE52-506CD16F2473}"
EndProject
Project("{9A19103F-16F7-4668-BE54-9A1E7A4F7556}") = "CsharpJaggedArray", "CsharpJaggedArray\CsharpJaggedArray.csproj", "{B2F43827-C197-45C5-9B2D-F88B4DEA9F09}"
EndProject
Project("{9A19103F-16F7-4668-BE54-9A1E7A4F7556}") = "StringDataType", "StringDataType\StringDataType.csproj", "{55D17214-7F1B-47A2-93BB-132F04BE0C60}"
EndProject
Project("{9A19103F-16F7-4668-BE54-9A1E7A4F7556}") = "Bitwise_Operation", "Bitwise_Operation\Bitwise_Operation.csproj", "{1B041C1D-EA6B-4DD7-8AA6-BC6E16274216}"
EndProject
Project("{2150E333-8FDC-42A3-9474-1A3956D46DE8}") = "OOP", "OOP", "{301F559E-8265-4AF8-AEC1-D8E7724E85D9}"
EndProject
Project("{9A19103F-16F7-4668-BE54-9A1E7A4F7556}") = "OOP", "OOP\OOP.csproj", "{22014D94-82FD-48E7-A419-90E157B2F860}"
EndProject
Project("{9A19103F-16F7-4668-BE54-9A1E7A4F7556}") = "Inheritance", "Inheritance\Inheritance.csproj", "{718DEDB7-3C8A-44A7-B5FE-9145F14168BD}"
EndProject
Project("{9A19103F-16F7-4668-BE54-9A1E7A4F7556}") = "Calculator", "Calculator\Calculator.csproj", "{2EAEC768-60DE-4D92-A986-E4136572DC66}"
EndProject
Project("{9A19103F-16F7-4668-BE54-9A1E7A4F7556}") = "Constructor", "Constructor\Constructor.csproj", "{7BF83E8C-B936-4BD2-A8DC-65332AA2B654}"
EndProject
Project("{9A19103F-16F7-4668-BE54-9A1E7A4F7556}") = "BaseConstructor", "BaseConstructor\BaseConstructor.csproj", "{86EF0489-FC5D-4C12-8695-00BA585A324C}"
EndProject
Project("{FAE04EC0-301F-11D3-BF4B-00C04F79EFBC}") = "Static_Class", "Static_Class\Static_Class.csproj", "{CF1BA6BE-7309-4A5E-94CC-50385EE51343}"
EndProject
Project("{FAE04EC0-301F-11D3-BF4B-00C04F79EFBC}") = "Abstruct_Class", "Abstruct_Class\Abstruct_Class.csproj", "{EE57E7E8-07F0-4F29-A611-CCCFDD5DD7AA}"
EndProject
Global
	GlobalSection(SolutionConfigurationPlatforms) = preSolution
		Debug|Any CPU = Debug|Any CPU
		Release|Any CPU = Release|Any CPU
	EndGlobalSection
	GlobalSection(ProjectConfigurationPlatforms) = postSolution
		{32B10404-0AA5-43A5-8572-3BE2F72CB868}.Debug|Any CPU.ActiveCfg = Debug|Any CPU
		{32B10404-0AA5-43A5-8572-3BE2F72CB868}.Debug|Any CPU.Build.0 = Debug|Any CPU
		{32B10404-0AA5-43A5-8572-3BE2F72CB868}.Release|Any CPU.ActiveCfg = Release|Any CPU
		{32B10404-0AA5-43A5-8572-3BE2F72CB868}.Release|Any CPU.Build.0 = Release|Any CPU
		{CC7EE5BE-0BCC-4B5B-9443-65E628E1ACC6}.Debug|Any CPU.ActiveCfg = Debug|Any CPU
		{CC7EE5BE-0BCC-4B5B-9443-65E628E1ACC6}.Debug|Any CPU.Build.0 = Debug|Any CPU
		{CC7EE5BE-0BCC-4B5B-9443-65E628E1ACC6}.Release|Any CPU.ActiveCfg = Release|Any CPU
		{CC7EE5BE-0BCC-4B5B-9443-65E628E1ACC6}.Release|Any CPU.Build.0 = Release|Any CPU
		{7DD19FCA-AA94-4797-A377-F5E9EBF07A2F}.Debug|Any CPU.ActiveCfg = Debug|Any CPU
		{7DD19FCA-AA94-4797-A377-F5E9EBF07A2F}.Debug|Any CPU.Build.0 = Debug|Any CPU
		{7DD19FCA-AA94-4797-A377-F5E9EBF07A2F}.Release|Any CPU.ActiveCfg = Release|Any CPU
		{7DD19FCA-AA94-4797-A377-F5E9EBF07A2F}.Release|Any CPU.Build.0 = Release|Any CPU
		{0CB68442-BF0B-4CFB-946F-6B998D1F1616}.Debug|Any CPU.ActiveCfg = Debug|Any CPU
		{0CB68442-BF0B-4CFB-946F-6B998D1F1616}.Debug|Any CPU.Build.0 = Debug|Any CPU
		{0CB68442-BF0B-4CFB-946F-6B998D1F1616}.Release|Any CPU.ActiveCfg = Release|Any CPU
		{0CB68442-BF0B-4CFB-946F-6B998D1F1616}.Release|Any CPU.Build.0 = Release|Any CPU
		{90A604A5-DBFA-4ED1-AB78-94141F9F8F4D}.Debug|Any CPU.ActiveCfg = Debug|Any CPU
		{90A604A5-DBFA-4ED1-AB78-94141F9F8F4D}.Debug|Any CPU.Build.0 = Debug|Any CPU
		{90A604A5-DBFA-4ED1-AB78-94141F9F8F4D}.Release|Any CPU.ActiveCfg = Release|Any CPU
		{90A604A5-DBFA-4ED1-AB78-94141F9F8F4D}.Release|Any CPU.Build.0 = Release|Any CPU
		{ACEC7F7A-1CEA-4E67-BA65-89A68CE5E3E1}.Debug|Any CPU.ActiveCfg = Debug|Any CPU
		{ACEC7F7A-1CEA-4E67-BA65-89A68CE5E3E1}.Debug|Any CPU.Build.0 = Debug|Any CPU
		{ACEC7F7A-1CEA-4E67-BA65-89A68CE5E3E1}.Release|Any CPU.ActiveCfg = Release|Any CPU
		{ACEC7F7A-1CEA-4E67-BA65-89A68CE5E3E1}.Release|Any CPU.Build.0 = Release|Any CPU
		{F4AB3163-C0E3-4569-AACB-AE5A8004F06C}.Debug|Any CPU.ActiveCfg = Debug|Any CPU
		{F4AB3163-C0E3-4569-AACB-AE5A8004F06C}.Debug|Any CPU.Build.0 = Debug|Any CPU
		{F4AB3163-C0E3-4569-AACB-AE5A8004F06C}.Release|Any CPU.ActiveCfg = Release|Any CPU
		{F4AB3163-C0E3-4569-AACB-AE5A8004F06C}.Release|Any CPU.Build.0 = Release|Any CPU
		{56388688-24C1-46EC-B8E6-26C1B5B7BEB6}.Debug|Any CPU.ActiveCfg = Debug|Any CPU
		{56388688-24C1-46EC-B8E6-26C1B5B7BEB6}.Debug|Any CPU.Build.0 = Debug|Any CPU
		{56388688-24C1-46EC-B8E6-26C1B5B7BEB6}.Release|Any CPU.ActiveCfg = Release|Any CPU
		{56388688-24C1-46EC-B8E6-26C1B5B7BEB6}.Release|Any CPU.Build.0 = Release|Any CPU
		{FFAC0732-3667-43DF-BF88-DB2AA9860595}.Debug|Any CPU.ActiveCfg = Debug|Any CPU
		{FFAC0732-3667-43DF-BF88-DB2AA9860595}.Debug|Any CPU.Build.0 = Debug|Any CPU
		{FFAC0732-3667-43DF-BF88-DB2AA9860595}.Release|Any CPU.ActiveCfg = Release|Any CPU
		{FFAC0732-3667-43DF-BF88-DB2AA9860595}.Release|Any CPU.Build.0 = Release|Any CPU
		{3D3E47B1-1B30-4F65-BA1C-A279422C6CD0}.Debug|Any CPU.ActiveCfg = Debug|Any CPU
		{3D3E47B1-1B30-4F65-BA1C-A279422C6CD0}.Debug|Any CPU.Build.0 = Debug|Any CPU
		{3D3E47B1-1B30-4F65-BA1C-A279422C6CD0}.Release|Any CPU.ActiveCfg = Release|Any CPU
		{3D3E47B1-1B30-4F65-BA1C-A279422C6CD0}.Release|Any CPU.Build.0 = Release|Any CPU
		{E25497BC-B856-4802-A45B-F58F4F54954E}.Debug|Any CPU.ActiveCfg = Debug|Any CPU
		{E25497BC-B856-4802-A45B-F58F4F54954E}.Debug|Any CPU.Build.0 = Debug|Any CPU
		{E25497BC-B856-4802-A45B-F58F4F54954E}.Release|Any CPU.ActiveCfg = Release|Any CPU
		{E25497BC-B856-4802-A45B-F58F4F54954E}.Release|Any CPU.Build.0 = Release|Any CPU
		{FB4BA989-BEE0-40E3-85C5-958D2E375EA7}.Debug|Any CPU.ActiveCfg = Debug|Any CPU
		{FB4BA989-BEE0-40E3-85C5-958D2E375EA7}.Debug|Any CPU.Build.0 = Debug|Any CPU
		{FB4BA989-BEE0-40E3-85C5-958D2E375EA7}.Release|Any CPU.ActiveCfg = Release|Any CPU
		{FB4BA989-BEE0-40E3-85C5-958D2E375EA7}.Release|Any CPU.Build.0 = Release|Any CPU
		{CA14C8BE-AD09-479E-98D8-165A9848CDCE}.Debug|Any CPU.ActiveCfg = Debug|Any CPU
		{CA14C8BE-AD09-479E-98D8-165A9848CDCE}.Debug|Any CPU.Build.0 = Debug|Any CPU
		{CA14C8BE-AD09-479E-98D8-165A9848CDCE}.Release|Any CPU.ActiveCfg = Release|Any CPU
		{CA14C8BE-AD09-479E-98D8-165A9848CDCE}.Release|Any CPU.Build.0 = Release|Any CPU
		{13852FA5-8186-4D59-BCCC-7A50223F47C5}.Debug|Any CPU.ActiveCfg = Debug|Any CPU
		{13852FA5-8186-4D59-BCCC-7A50223F47C5}.Debug|Any CPU.Build.0 = Debug|Any CPU
		{13852FA5-8186-4D59-BCCC-7A50223F47C5}.Release|Any CPU.ActiveCfg = Release|Any CPU
		{13852FA5-8186-4D59-BCCC-7A50223F47C5}.Release|Any CPU.Build.0 = Release|Any CPU
		{24AEDBF8-3386-4108-9FD4-4C4156354B8A}.Debug|Any CPU.ActiveCfg = Debug|Any CPU
		{24AEDBF8-3386-4108-9FD4-4C4156354B8A}.Debug|Any CPU.Build.0 = Debug|Any CPU
		{24AEDBF8-3386-4108-9FD4-4C4156354B8A}.Release|Any CPU.ActiveCfg = Release|Any CPU
		{24AEDBF8-3386-4108-9FD4-4C4156354B8A}.Release|Any CPU.Build.0 = Release|Any CPU
		{565976EA-DABE-49DD-97DA-91AEF9C36911}.Debug|Any CPU.ActiveCfg = Debug|Any CPU
		{565976EA-DABE-49DD-97DA-91AEF9C36911}.Debug|Any CPU.Build.0 = Debug|Any CPU
		{565976EA-DABE-49DD-97DA-91AEF9C36911}.Release|Any CPU.ActiveCfg = Release|Any CPU
		{565976EA-DABE-49DD-97DA-91AEF9C36911}.Release|Any CPU.Build.0 = Release|Any CPU
		{FA2D490B-4D3C-48E0-8538-F58C3CA0C5F8}.Debug|Any CPU.ActiveCfg = Debug|Any CPU
		{FA2D490B-4D3C-48E0-8538-F58C3CA0C5F8}.Debug|Any CPU.Build.0 = Debug|Any CPU
		{FA2D490B-4D3C-48E0-8538-F58C3CA0C5F8}.Release|Any CPU.ActiveCfg = Release|Any CPU
		{FA2D490B-4D3C-48E0-8538-F58C3CA0C5F8}.Release|Any CPU.Build.0 = Release|Any CPU
		{80649F21-FDD7-43E6-969D-92BC7E05180D}.Debug|Any CPU.ActiveCfg = Debug|Any CPU
		{80649F21-FDD7-43E6-969D-92BC7E05180D}.Debug|Any CPU.Build.0 = Debug|Any CPU
		{80649F21-FDD7-43E6-969D-92BC7E05180D}.Release|Any CPU.ActiveCfg = Release|Any CPU
		{80649F21-FDD7-43E6-969D-92BC7E05180D}.Release|Any CPU.Build.0 = Release|Any CPU
		{6940E499-A08F-4EC9-A00C-77D092DB7C15}.Debug|Any CPU.ActiveCfg = Debug|Any CPU
		{6940E499-A08F-4EC9-A00C-77D092DB7C15}.Debug|Any CPU.Build.0 = Debug|Any CPU
		{6940E499-A08F-4EC9-A00C-77D092DB7C15}.Release|Any CPU.ActiveCfg = Release|Any CPU
		{6940E499-A08F-4EC9-A00C-77D092DB7C15}.Release|Any CPU.Build.0 = Release|Any CPU
		{BCEFF2E8-EA09-421F-8D99-04D08F3BB3EE}.Debug|Any CPU.ActiveCfg = Debug|Any CPU
		{BCEFF2E8-EA09-421F-8D99-04D08F3BB3EE}.Debug|Any CPU.Build.0 = Debug|Any CPU
		{BCEFF2E8-EA09-421F-8D99-04D08F3BB3EE}.Release|Any CPU.ActiveCfg = Release|Any CPU
		{BCEFF2E8-EA09-421F-8D99-04D08F3BB3EE}.Release|Any CPU.Build.0 = Release|Any CPU
		{29C8FAD5-5B58-4B9F-95C0-624862CDE3FB}.Debug|Any CPU.ActiveCfg = Debug|Any CPU
		{29C8FAD5-5B58-4B9F-95C0-624862CDE3FB}.Debug|Any CPU.Build.0 = Debug|Any CPU
		{29C8FAD5-5B58-4B9F-95C0-624862CDE3FB}.Release|Any CPU.ActiveCfg = Release|Any CPU
		{29C8FAD5-5B58-4B9F-95C0-624862CDE3FB}.Release|Any CPU.Build.0 = Release|Any CPU
		{96B334EE-4CA0-44E2-8B77-11FEBCE65D4F}.Debug|Any CPU.ActiveCfg = Debug|Any CPU
		{96B334EE-4CA0-44E2-8B77-11FEBCE65D4F}.Debug|Any CPU.Build.0 = Debug|Any CPU
		{96B334EE-4CA0-44E2-8B77-11FEBCE65D4F}.Release|Any CPU.ActiveCfg = Release|Any CPU
		{96B334EE-4CA0-44E2-8B77-11FEBCE65D4F}.Release|Any CPU.Build.0 = Release|Any CPU
		{D1A5C08C-00FD-436F-8D8E-B65E0C0D2567}.Debug|Any CPU.ActiveCfg = Debug|Any CPU
		{D1A5C08C-00FD-436F-8D8E-B65E0C0D2567}.Debug|Any CPU.Build.0 = Debug|Any CPU
		{D1A5C08C-00FD-436F-8D8E-B65E0C0D2567}.Release|Any CPU.ActiveCfg = Release|Any CPU
		{D1A5C08C-00FD-436F-8D8E-B65E0C0D2567}.Release|Any CPU.Build.0 = Release|Any CPU
		{E7E897CA-2F33-4211-A39D-BAB57865F5CB}.Debug|Any CPU.ActiveCfg = Debug|Any CPU
		{E7E897CA-2F33-4211-A39D-BAB57865F5CB}.Debug|Any CPU.Build.0 = Debug|Any CPU
		{E7E897CA-2F33-4211-A39D-BAB57865F5CB}.Release|Any CPU.ActiveCfg = Release|Any CPU
		{E7E897CA-2F33-4211-A39D-BAB57865F5CB}.Release|Any CPU.Build.0 = Release|Any CPU
		{1D721263-56F9-408E-BD5A-B0AF0FD3ACC2}.Debug|Any CPU.ActiveCfg = Debug|Any CPU
		{1D721263-56F9-408E-BD5A-B0AF0FD3ACC2}.Debug|Any CPU.Build.0 = Debug|Any CPU
		{1D721263-56F9-408E-BD5A-B0AF0FD3ACC2}.Release|Any CPU.ActiveCfg = Release|Any CPU
		{1D721263-56F9-408E-BD5A-B0AF0FD3ACC2}.Release|Any CPU.Build.0 = Release|Any CPU
		{6471DB25-9594-433C-BE71-C81C275B0258}.Debug|Any CPU.ActiveCfg = Debug|Any CPU
		{6471DB25-9594-433C-BE71-C81C275B0258}.Debug|Any CPU.Build.0 = Debug|Any CPU
		{6471DB25-9594-433C-BE71-C81C275B0258}.Release|Any CPU.ActiveCfg = Release|Any CPU
		{6471DB25-9594-433C-BE71-C81C275B0258}.Release|Any CPU.Build.0 = Release|Any CPU
		{7594D138-9DA8-4E36-BB5F-0B0F4927AF25}.Debug|Any CPU.ActiveCfg = Debug|Any CPU
		{7594D138-9DA8-4E36-BB5F-0B0F4927AF25}.Debug|Any CPU.Build.0 = Debug|Any CPU
		{7594D138-9DA8-4E36-BB5F-0B0F4927AF25}.Release|Any CPU.ActiveCfg = Release|Any CPU
		{7594D138-9DA8-4E36-BB5F-0B0F4927AF25}.Release|Any CPU.Build.0 = Release|Any CPU
		{EF93B5E8-D2CE-4A6A-B58E-664EEE2283E6}.Debug|Any CPU.ActiveCfg = Debug|Any CPU
		{EF93B5E8-D2CE-4A6A-B58E-664EEE2283E6}.Debug|Any CPU.Build.0 = Debug|Any CPU
		{EF93B5E8-D2CE-4A6A-B58E-664EEE2283E6}.Release|Any CPU.ActiveCfg = Release|Any CPU
		{EF93B5E8-D2CE-4A6A-B58E-664EEE2283E6}.Release|Any CPU.Build.0 = Release|Any CPU
		{9D1284F1-E992-4F3A-BF35-6341ACC535E7}.Debug|Any CPU.ActiveCfg = Debug|Any CPU
		{9D1284F1-E992-4F3A-BF35-6341ACC535E7}.Debug|Any CPU.Build.0 = Debug|Any CPU
		{9D1284F1-E992-4F3A-BF35-6341ACC535E7}.Release|Any CPU.ActiveCfg = Release|Any CPU
		{9D1284F1-E992-4F3A-BF35-6341ACC535E7}.Release|Any CPU.Build.0 = Release|Any CPU
		{53E03800-5BDA-4CF7-A961-F453F9F7EB08}.Debug|Any CPU.ActiveCfg = Debug|Any CPU
		{53E03800-5BDA-4CF7-A961-F453F9F7EB08}.Debug|Any CPU.Build.0 = Debug|Any CPU
		{53E03800-5BDA-4CF7-A961-F453F9F7EB08}.Release|Any CPU.ActiveCfg = Release|Any CPU
		{53E03800-5BDA-4CF7-A961-F453F9F7EB08}.Release|Any CPU.Build.0 = Release|Any CPU
		{9B367057-E305-4281-BE52-506CD16F2473}.Debug|Any CPU.ActiveCfg = Debug|Any CPU
		{9B367057-E305-4281-BE52-506CD16F2473}.Debug|Any CPU.Build.0 = Debug|Any CPU
		{9B367057-E305-4281-BE52-506CD16F2473}.Release|Any CPU.ActiveCfg = Release|Any CPU
		{9B367057-E305-4281-BE52-506CD16F2473}.Release|Any CPU.Build.0 = Release|Any CPU
		{B2F43827-C197-45C5-9B2D-F88B4DEA9F09}.Debug|Any CPU.ActiveCfg = Debug|Any CPU
		{B2F43827-C197-45C5-9B2D-F88B4DEA9F09}.Debug|Any CPU.Build.0 = Debug|Any CPU
		{B2F43827-C197-45C5-9B2D-F88B4DEA9F09}.Release|Any CPU.ActiveCfg = Release|Any CPU
		{B2F43827-C197-45C5-9B2D-F88B4DEA9F09}.Release|Any CPU.Build.0 = Release|Any CPU
		{55D17214-7F1B-47A2-93BB-132F04BE0C60}.Debug|Any CPU.ActiveCfg = Debug|Any CPU
		{55D17214-7F1B-47A2-93BB-132F04BE0C60}.Debug|Any CPU.Build.0 = Debug|Any CPU
		{55D17214-7F1B-47A2-93BB-132F04BE0C60}.Release|Any CPU.ActiveCfg = Release|Any CPU
		{55D17214-7F1B-47A2-93BB-132F04BE0C60}.Release|Any CPU.Build.0 = Release|Any CPU
		{1B041C1D-EA6B-4DD7-8AA6-BC6E16274216}.Debug|Any CPU.ActiveCfg = Debug|Any CPU
		{1B041C1D-EA6B-4DD7-8AA6-BC6E16274216}.Debug|Any CPU.Build.0 = Debug|Any CPU
		{1B041C1D-EA6B-4DD7-8AA6-BC6E16274216}.Release|Any CPU.ActiveCfg = Release|Any CPU
		{1B041C1D-EA6B-4DD7-8AA6-BC6E16274216}.Release|Any CPU.Build.0 = Release|Any CPU
		{22014D94-82FD-48E7-A419-90E157B2F860}.Debug|Any CPU.ActiveCfg = Debug|Any CPU
		{22014D94-82FD-48E7-A419-90E157B2F860}.Debug|Any CPU.Build.0 = Debug|Any CPU
		{22014D94-82FD-48E7-A419-90E157B2F860}.Release|Any CPU.ActiveCfg = Release|Any CPU
		{22014D94-82FD-48E7-A419-90E157B2F860}.Release|Any CPU.Build.0 = Release|Any CPU
		{718DEDB7-3C8A-44A7-B5FE-9145F14168BD}.Debug|Any CPU.ActiveCfg = Debug|Any CPU
		{718DEDB7-3C8A-44A7-B5FE-9145F14168BD}.Debug|Any CPU.Build.0 = Debug|Any CPU
		{718DEDB7-3C8A-44A7-B5FE-9145F14168BD}.Release|Any CPU.ActiveCfg = Release|Any CPU
		{718DEDB7-3C8A-44A7-B5FE-9145F14168BD}.Release|Any CPU.Build.0 = Release|Any CPU
		{2EAEC768-60DE-4D92-A986-E4136572DC66}.Debug|Any CPU.ActiveCfg = Debug|Any CPU
		{2EAEC768-60DE-4D92-A986-E4136572DC66}.Debug|Any CPU.Build.0 = Debug|Any CPU
		{2EAEC768-60DE-4D92-A986-E4136572DC66}.Release|Any CPU.ActiveCfg = Release|Any CPU
		{2EAEC768-60DE-4D92-A986-E4136572DC66}.Release|Any CPU.Build.0 = Release|Any CPU
		{7BF83E8C-B936-4BD2-A8DC-65332AA2B654}.Debug|Any CPU.ActiveCfg = Debug|Any CPU
		{7BF83E8C-B936-4BD2-A8DC-65332AA2B654}.Debug|Any CPU.Build.0 = Debug|Any CPU
		{7BF83E8C-B936-4BD2-A8DC-65332AA2B654}.Release|Any CPU.ActiveCfg = Release|Any CPU
		{7BF83E8C-B936-4BD2-A8DC-65332AA2B654}.Release|Any CPU.Build.0 = Release|Any CPU
		{86EF0489-FC5D-4C12-8695-00BA585A324C}.Debug|Any CPU.ActiveCfg = Debug|Any CPU
		{86EF0489-FC5D-4C12-8695-00BA585A324C}.Debug|Any CPU.Build.0 = Debug|Any CPU
		{86EF0489-FC5D-4C12-8695-00BA585A324C}.Release|Any CPU.ActiveCfg = Release|Any CPU
		{86EF0489-FC5D-4C12-8695-00BA585A324C}.Release|Any CPU.Build.0 = Release|Any CPU
		{CF1BA6BE-7309-4A5E-94CC-50385EE51343}.Debug|Any CPU.ActiveCfg = Debug|Any CPU
		{CF1BA6BE-7309-4A5E-94CC-50385EE51343}.Debug|Any CPU.Build.0 = Debug|Any CPU
		{CF1BA6BE-7309-4A5E-94CC-50385EE51343}.Release|Any CPU.ActiveCfg = Release|Any CPU
		{CF1BA6BE-7309-4A5E-94CC-50385EE51343}.Release|Any CPU.Build.0 = Release|Any CPU
		{EE57E7E8-07F0-4F29-A611-CCCFDD5DD7AA}.Debug|Any CPU.ActiveCfg = Debug|Any CPU
		{EE57E7E8-07F0-4F29-A611-CCCFDD5DD7AA}.Debug|Any CPU.Build.0 = Debug|Any CPU
		{EE57E7E8-07F0-4F29-A611-CCCFDD5DD7AA}.Release|Any CPU.ActiveCfg = Release|Any CPU
		{EE57E7E8-07F0-4F29-A611-CCCFDD5DD7AA}.Release|Any CPU.Build.0 = Release|Any CPU
	EndGlobalSection
	GlobalSection(SolutionProperties) = preSolution
		HideSolutionNode = FALSE
	EndGlobalSection
	GlobalSection(NestedProjects) = preSolution
		{22014D94-82FD-48E7-A419-90E157B2F860} = {301F559E-8265-4AF8-AEC1-D8E7724E85D9}
		{718DEDB7-3C8A-44A7-B5FE-9145F14168BD} = {301F559E-8265-4AF8-AEC1-D8E7724E85D9}
		{2EAEC768-60DE-4D92-A986-E4136572DC66} = {301F559E-8265-4AF8-AEC1-D8E7724E85D9}
	EndGlobalSection
	GlobalSection(ExtensibilityGlobals) = postSolution
		SolutionGuid = {D4D41872-51C8-4913-922D-B27E56EF5556}
	EndGlobalSection
EndGlobal
